
Microsoft Visual Studio Solution File, Format Version 12.00
# Visual Studio Version 17
VisualStudioVersion = 17.4.33213.308
MinimumVisualStudioVersion = 10.0.40219.1
Project("{9A19103F-16F7-4668-BE54-9A1E7A4F7556}") = "MELCloudTelegramBot", "MELCloudTelegramBot\MELCloudTelegramBot.csproj", "{7291031A-D913-4895-A1EC-9232C575DC59}"
EndProject
Project("{FAE04EC0-301F-11D3-BF4B-00C04F79EFBC}") = "MELCloudApiClient", "MELCloudApiClient\MELCloudApiClient.csproj", "{6F60251E-5360-4618-BE27-0D8D7162EA33}"
EndProject
Global
	GlobalSection(SolutionConfigurationPlatforms) = preSolution
		Debug|Any CPU = Debug|Any CPU
		Release|Any CPU = Release|Any CPU
	EndGlobalSection
	GlobalSection(ProjectConfigurationPlatforms) = postSolution
		{7291031A-D913-4895-A1EC-9232C575DC59}.Debug|Any CPU.ActiveCfg = Debug|Any CPU
		{7291031A-D913-4895-A1EC-9232C575DC59}.Debug|Any CPU.Build.0 = Debug|Any CPU
		{7291031A-D913-4895-A1EC-9232C575DC59}.Release|Any CPU.ActiveCfg = Release|Any CPU
		{7291031A-D913-4895-A1EC-9232C575DC59}.Release|Any CPU.Build.0 = Release|Any CPU
		{6F60251E-5360-4618-BE27-0D8D7162EA33}.Debug|Any CPU.ActiveCfg = Debug|Any CPU
		{6F60251E-5360-4618-BE27-0D8D7162EA33}.Debug|Any CPU.Build.0 = Debug|Any CPU
		{6F60251E-5360-4618-BE27-0D8D7162EA33}.Release|Any CPU.ActiveCfg = Release|Any CPU
		{6F60251E-5360-4618-BE27-0D8D7162EA33}.Release|Any CPU.Build.0 = Release|Any CPU
	EndGlobalSection
	GlobalSection(SolutionProperties) = preSolution
		HideSolutionNode = FALSE
	EndGlobalSection
	GlobalSection(ExtensibilityGlobals) = postSolution
		SolutionGuid = {E07B9EF0-68BC-4786-8B56-E0FA93F3B10B}
	EndGlobalSection
EndGlobal
